
Microsoft Visual Studio Solution File, Format Version 12.00
# Visual Studio Version 16
VisualStudioVersion = 16.0.30804.86
MinimumVisualStudioVersion = 10.0.40219.1
Project("{FAE04EC0-301F-11D3-BF4B-00C04F79EFBC}") = "Logowanie_PBD", "Logowanie_PBD\Logowanie_PBD.csproj", "{565B92B7-71AE-4C36-B4FA-7C32CE8EB5B0}"
EndProject
Global
	GlobalSection(SolutionConfigurationPlatforms) = preSolution
		Debug|Any CPU = Debug|Any CPU
		Release|Any CPU = Release|Any CPU
	EndGlobalSection
	GlobalSection(ProjectConfigurationPlatforms) = postSolution
		{565B92B7-71AE-4C36-B4FA-7C32CE8EB5B0}.Debug|Any CPU.ActiveCfg = Debug|Any CPU
		{565B92B7-71AE-4C36-B4FA-7C32CE8EB5B0}.Debug|Any CPU.Build.0 = Debug|Any CPU
		{565B92B7-71AE-4C36-B4FA-7C32CE8EB5B0}.Release|Any CPU.ActiveCfg = Release|Any CPU
		{565B92B7-71AE-4C36-B4FA-7C32CE8EB5B0}.Release|Any CPU.Build.0 = Release|Any CPU
	EndGlobalSection
	GlobalSection(SolutionProperties) = preSolution
		HideSolutionNode = FALSE
	EndGlobalSection
	GlobalSection(ExtensibilityGlobals) = postSolution
		SolutionGuid = {D0C68B90-6941-4A4C-BBB0-F76264BA0899}
	EndGlobalSection
EndGlobal
